// !$*UTF8*$!
{
	archiveVersion = 1;
	classes = {
	};
	objectVersion = 46;
	objects = {

/* Begin PBXBuildFile section */
		7E2D85F11AE95B290098FB5B /* main.m in Sources */ = {isa = PBXBuildFile; fileRef = 7E2D85F01AE95B290098FB5B /* main.m */; };
		7E2D85F41AE95B290098FB5B /* AppDelegate.m in Sources */ = {isa = PBXBuildFile; fileRef = 7E2D85F31AE95B290098FB5B /* AppDelegate.m */; };
		7E2D85F71AE95B290098FB5B /* ViewController.m in Sources */ = {isa = PBXBuildFile; fileRef = 7E2D85F61AE95B290098FB5B /* ViewController.m */; };
		7E2D85FA1AE95B290098FB5B /* Main.storyboard in Resources */ = {isa = PBXBuildFile; fileRef = 7E2D85F81AE95B290098FB5B /* Main.storyboard */; };
		7E2D85FC1AE95B290098FB5B /* Images.xcassets in Resources */ = {isa = PBXBuildFile; fileRef = 7E2D85FB1AE95B290098FB5B /* Images.xcassets */; };
		7E2D85FF1AE95B290098FB5B /* LaunchScreen.xib in Resources */ = {isa = PBXBuildFile; fileRef = 7E2D85FD1AE95B290098FB5B /* LaunchScreen.xib */; };
		7E2D860B1AE95B290098FB5B /* UnitsConverterTests.m in Sources */ = {isa = PBXBuildFile; fileRef = 7E2D860A1AE95B290098FB5B /* UnitsConverterTests.m */; };
/* End PBXBuildFile section */

/* Begin PBXContainerItemProxy section */
		7E2D86051AE95B290098FB5B /* PBXContainerItemProxy */ = {
			isa = PBXContainerItemProxy;
			containerPortal = 7E2D85E31AE95B290098FB5B /* Project object */;
			proxyType = 1;
			remoteGlobalIDString = 7E2D85EA1AE95B290098FB5B;
			remoteInfo = UnitsConverter;
		};
/* End PBXContainerItemProxy section */

/* Begin PBXFileReference section */
		7E2D85EB1AE95B290098FB5B /* UnitsConverter.app */ = {isa = PBXFileReference; explicitFileType = wrapper.application; includeInIndex = 0; path = UnitsConverter.app; sourceTree = BUILT_PRODUCTS_DIR; };
		7E2D85EF1AE95B290098FB5B /* Info.plist */ = {isa = PBXFileReference; lastKnownFileType = text.plist.xml; path = Info.plist; sourceTree = "<group>"; };
		7E2D85F01AE95B290098FB5B /* main.m */ = {isa = PBXFileReference; lastKnownFileType = sourcecode.c.objc; path = main.m; sourceTree = "<group>"; };
		7E2D85F21AE95B290098FB5B /* AppDelegate.h */ = {isa = PBXFileReference; lastKnownFileType = sourcecode.c.h; path = AppDelegate.h; sourceTree = "<group>"; };
		7E2D85F31AE95B290098FB5B /* AppDelegate.m */ = {isa = PBXFileReference; lastKnownFileType = sourcecode.c.objc; path = AppDelegate.m; sourceTree = "<group>"; };
		7E2D85F51AE95B290098FB5B /* ViewController.h */ = {isa = PBXFileReference; lastKnownFileType = sourcecode.c.h; path = ViewController.h; sourceTree = "<group>"; };
		7E2D85F61AE95B290098FB5B /* ViewController.m */ = {isa = PBXFileReference; lastKnownFileType = sourcecode.c.objc; path = ViewController.m; sourceTree = "<group>"; };
		7E2D85F91AE95B290098FB5B /* Base */ = {isa = PBXFileReference; lastKnownFileType = file.storyboard; name = Base; path = Base.lproj/Main.storyboard; sourceTree = "<group>"; };
		7E2D85FB1AE95B290098FB5B /* Images.xcassets */ = {isa = PBXFileReference; lastKnownFileType = folder.assetcatalog; path = Images.xcassets; sourceTree = "<group>"; };
		7E2D85FE1AE95B290098FB5B /* Base */ = {isa = PBXFileReference; lastKnownFileType = file.xib; name = Base; path = Base.lproj/LaunchScreen.xib; sourceTree = "<group>"; };
		7E2D86041AE95B290098FB5B /* UnitsConverterTests.xctest */ = {isa = PBXFileReference; explicitFileType = wrapper.cfbundle; includeInIndex = 0; path = UnitsConverterTests.xctest; sourceTree = BUILT_PRODUCTS_DIR; };
		7E2D86091AE95B290098FB5B /* Info.plist */ = {isa = PBXFileReference; lastKnownFileType = text.plist.xml; path = Info.plist; sourceTree = "<group>"; };
		7E2D860A1AE95B290098FB5B /* UnitsConverterTests.m */ = {isa = PBXFileReference; lastKnownFileType = sourcecode.c.objc; path = UnitsConverterTests.m; sourceTree = "<group>"; };
/* End PBXFileReference section */

/* Begin PBXFrameworksBuildPhase section */
		7E2D85E81AE95B290098FB5B /* Frameworks */ = {
			isa = PBXFrameworksBuildPhase;
			buildActionMask = 2147483647;
			files = (
			);
			runOnlyForDeploymentPostprocessing = 0;
		};
		7E2D86011AE95B290098FB5B /* Frameworks */ = {
			isa = PBXFrameworksBuildPhase;
			buildActionMask = 2147483647;
			files = (
			);
			runOnlyForDeploymentPostprocessing = 0;
		};
/* End PBXFrameworksBuildPhase section */

/* Begin PBXGroup section */
		7E2D85E21AE95B290098FB5B = {
			isa = PBXGroup;
			children = (
				7E2D85ED1AE95B290098FB5B /* UnitsConverter */,
				7E2D86071AE95B290098FB5B /* UnitsConverterTests */,
				7E2D85EC1AE95B290098FB5B /* Products */,
			);
			sourceTree = "<group>";
		};
		7E2D85EC1AE95B290098FB5B /* Products */ = {
			isa = PBXGroup;
			children = (
				7E2D85EB1AE95B290098FB5B /* UnitsConverter.app */,
				7E2D86041AE95B290098FB5B /* UnitsConverterTests.xctest */,
			);
			name = Products;
			sourceTree = "<group>";
		};
		7E2D85ED1AE95B290098FB5B /* UnitsConverter */ = {
			isa = PBXGroup;
			children = (
				7E2D85F21AE95B290098FB5B /* AppDelegate.h */,
				7E2D85F31AE95B290098FB5B /* AppDelegate.m */,
				7E2D85F51AE95B290098FB5B /* ViewController.h */,
				7E2D85F61AE95B290098FB5B /* ViewController.m */,
				7E2D85F81AE95B290098FB5B /* Main.storyboard */,
				7E2D85FB1AE95B290098FB5B /* Images.xcassets */,
				7E2D85FD1AE95B290098FB5B /* LaunchScreen.xib */,
				7E2D85EE1AE95B290098FB5B /* Supporting Files */,
			);
			path = UnitsConverter;
			sourceTree = "<group>";
		};
		7E2D85EE1AE95B290098FB5B /* Supporting Files */ = {
			isa = PBXGroup;
			children = (
				7E2D85EF1AE95B290098FB5B /* Info.plist */,
				7E2D85F01AE95B290098FB5B /* main.m */,
			);
			name = "Supporting Files";
			sourceTree = "<group>";
		};
		7E2D86071AE95B290098FB5B /* UnitsConverterTests */ = {
			isa = PBXGroup;
			children = (
				7E2D860A1AE95B290098FB5B /* UnitsConverterTests.m */,
				7E2D86081AE95B290098FB5B /* Supporting Files */,
			);
			path = UnitsConverterTests;
			sourceTree = "<group>";
		};
		7E2D86081AE95B290098FB5B /* Supporting Files */ = {
			isa = PBXGroup;
			children = (
				7E2D86091AE95B290098FB5B /* Info.plist */,
			);
			name = "Supporting Files";
			sourceTree = "<group>";
		};
/* End PBXGroup section */

/* Begin PBXNativeTarget section */
		7E2D85EA1AE95B290098FB5B /* UnitsConverter */ = {
			isa = PBXNativeTarget;
			buildConfigurationList = 7E2D860E1AE95B290098FB5B /* Build configuration list for PBXNativeTarget "UnitsConverter" */;
			buildPhases = (
				7E2D85E71AE95B290098FB5B /* Sources */,
				7E2D85E81AE95B290098FB5B /* Frameworks */,
				7E2D85E91AE95B290098FB5B /* Resources */,
			);
			buildRules = (
			);
			dependencies = (
			);
			name = UnitsConverter;
			productName = UnitsConverter;
			productReference = 7E2D85EB1AE95B290098FB5B /* UnitsConverter.app */;
			productType = "com.apple.product-type.application";
		};
		7E2D86031AE95B290098FB5B /* UnitsConverterTests */ = {
			isa = PBXNativeTarget;
			buildConfigurationList = 7E2D86111AE95B290098FB5B /* Build configuration list for PBXNativeTarget "UnitsConverterTests" */;
			buildPhases = (
				7E2D86001AE95B290098FB5B /* Sources */,
				7E2D86011AE95B290098FB5B /* Frameworks */,
				7E2D86021AE95B290098FB5B /* Resources */,
			);
			buildRules = (
			);
			dependencies = (
				7E2D86061AE95B290098FB5B /* PBXTargetDependency */,
			);
			name = UnitsConverterTests;
			productName = UnitsConverterTests;
			productReference = 7E2D86041AE95B290098FB5B /* UnitsConverterTests.xctest */;
			productType = "com.apple.product-type.bundle.unit-test";
		};
/* End PBXNativeTarget section */

/* Begin PBXProject section */
		7E2D85E31AE95B290098FB5B /* Project object */ = {
			isa = PBXProject;
			attributes = {
				LastUpgradeCheck = 0620;
				ORGANIZATIONNAME = Training;
				TargetAttributes = {
					7E2D85EA1AE95B290098FB5B = {
						CreatedOnToolsVersion = 6.2;
					};
					7E2D86031AE95B290098FB5B = {
						CreatedOnToolsVersion = 6.2;
						TestTargetID = 7E2D85EA1AE95B290098FB5B;
					};
				};
			};
			buildConfigurationList = 7E2D85E61AE95B290098FB5B /* Build configuration list for PBXProject "UnitsConverter" */;
			compatibilityVersion = "Xcode 3.2";
			developmentRegion = English;
			hasScannedForEncodings = 0;
			knownRegions = (
				en,
				Base,
			);
			mainGroup = 7E2D85E21AE95B290098FB5B;
			productRefGroup = 7E2D85EC1AE95B290098FB5B /* Products */;
			projectDirPath = "";
			projectRoot = "";
			targets = (
				7E2D85EA1AE95B290098FB5B /* UnitsConverter */,
				7E2D86031AE95B290098FB5B /* UnitsConverterTests */,
			);
		};
/* End PBXProject section */

/* Begin PBXResourcesBuildPhase section */
		7E2D85E91AE95B290098FB5B /* Resources */ = {
			isa = PBXResourcesBuildPhase;
			buildActionMask = 2147483647;
			files = (
				7E2D85FA1AE95B290098FB5B /* Main.storyboard in Resources */,
				7E2D85FF1AE95B290098FB5B /* LaunchScreen.xib in Resources */,
				7E2D85FC1AE95B290098FB5B /* Images.xcassets in Resources */,
			);
			runOnlyForDeploymentPostprocessing = 0;
		};
		7E2D86021AE95B290098FB5B /* Resources */ = {
			isa = PBXResourcesBuildPhase;
			buildActionMask = 2147483647;
			files = (
			);
			runOnlyForDeploymentPostprocessing = 0;
		};
/* End PBXResourcesBuildPhase section */

/* Begin PBXSourcesBuildPhase section */
		7E2D85E71AE95B290098FB5B /* Sources */ = {
			isa = PBXSourcesBuildPhase;
			buildActionMask = 2147483647;
			files = (
				7E2D85F71AE95B290098FB5B /* ViewController.m in Sources */,
				7E2D85F41AE95B290098FB5B /* AppDelegate.m in Sources */,
				7E2D85F11AE95B290098FB5B /* main.m in Sources */,
			);
			runOnlyForDeploymentPostprocessing = 0;
		};
		7E2D86001AE95B290098FB5B /* Sources */ = {
			isa = PBXSourcesBuildPhase;
			buildActionMask = 2147483647;
			files = (
				7E2D860B1AE95B290098FB5B /* UnitsConverterTests.m in Sources */,
			);
			runOnlyForDeploymentPostprocessing = 0;
		};
/* End PBXSourcesBuildPhase section */

/* Begin PBXTargetDependency section */
		7E2D86061AE95B290098FB5B /* PBXTargetDependency */ = {
			isa = PBXTargetDependency;
			target = 7E2D85EA1AE95B290098FB5B /* UnitsConverter */;
			targetProxy = 7E2D86051AE95B290098FB5B /* PBXContainerItemProxy */;
		};
/* End PBXTargetDependency section */

/* Begin PBXVariantGroup section */
		7E2D85F81AE95B290098FB5B /* Main.storyboard */ = {
			isa = PBXVariantGroup;
			children = (
				7E2D85F91AE95B290098FB5B /* Base */,
			);
			name = Main.storyboard;
			sourceTree = "<group>";
		};
		7E2D85FD1AE95B290098FB5B /* LaunchScreen.xib */ = {
			isa = PBXVariantGroup;
			children = (
				7E2D85FE1AE95B290098FB5B /* Base */,
			);
			name = LaunchScreen.xib;
			sourceTree = "<group>";
		};
/* End PBXVariantGroup section */

/* Begin XCBuildConfiguration section */
		7E2D860C1AE95B290098FB5B /* Debug */ = {
			isa = XCBuildConfiguration;
			buildSettings = {
				ALWAYS_SEARCH_USER_PATHS = NO;
				CLANG_CXX_LANGUAGE_STANDARD = "gnu++0x";
				CLANG_CXX_LIBRARY = "libc++";
				CLANG_ENABLE_MODULES = YES;
				CLANG_ENABLE_OBJC_ARC = YES;
				CLANG_WARN_BOOL_CONVERSION = YES;
				CLANG_WARN_CONSTANT_CONVERSION = YES;
				CLANG_WARN_DIRECT_OBJC_ISA_USAGE = YES_ERROR;
				CLANG_WARN_EMPTY_BODY = YES;
				CLANG_WARN_ENUM_CONVERSION = YES;
				CLANG_WARN_INT_CONVERSION = YES;
				CLANG_WARN_OBJC_ROOT_CLASS = YES_ERROR;
				CLANG_WARN_UNREACHABLE_CODE = YES;
				CLANG_WARN__DUPLICATE_METHOD_MATCH = YES;
				"CODE_SIGN_IDENTITY[sdk=iphoneos*]" = "iPhone Developer";
				COPY_PHASE_STRIP = NO;
				ENABLE_STRICT_OBJC_MSGSEND = YES;
				GCC_C_LANGUAGE_STANDARD = gnu99;
				GCC_DYNAMIC_NO_PIC = NO;
				GCC_OPTIMIZATION_LEVEL = 0;
				GCC_PREPROCESSOR_DEFINITIONS = (
					"DEBUG=1",
					"$(inherited)",
				);
				GCC_SYMBOLS_PRIVATE_EXTERN = NO;
				GCC_WARN_64_TO_32_BIT_CONVERSION = YES;
				GCC_WARN_ABOUT_RETURN_TYPE = YES_ERROR;
				GCC_WARN_UNDECLARED_SELECTOR = YES;
				GCC_WARN_UNINITIALIZED_AUTOS = YES_AGGRESSIVE;
				GCC_WARN_UNUSED_FUNCTION = YES;
				GCC_WARN_UNUSED_VARIABLE = YES;
				IPHONEOS_DEPLOYMENT_TARGET = 8.2;
				MTL_ENABLE_DEBUG_INFO = YES;
				ONLY_ACTIVE_ARCH = YES;
				SDKROOT = iphoneos;
			};
			name = Debug;
		};
		7E2D860D1AE95B290098FB5B /* Release */ = {
			isa = XCBuildConfiguration;
			buildSettings = {
				ALWAYS_SEARCH_USER_PATHS = NO;
				CLANG_CXX_LANGUAGE_STANDARD = "gnu++0x";
				CLANG_CXX_LIBRARY = "libc++";
				CLANG_ENABLE_MODULES = YES;
				CLANG_ENABLE_OBJC_ARC = YES;
				CLANG_WARN_BOOL_CONVERSION = YES;
				CLANG_WARN_CONSTANT_CONVERSION = YES;
				CLANG_WARN_DIRECT_OBJC_ISA_USAGE = YES_ERROR;
				CLANG_WARN_EMPTY_BODY = YES;
				CLANG_WARN_ENUM_CONVERSION = YES;
				CLANG_WARN_INT_CONVERSION = YES;
				CLANG_WARN_OBJC_ROOT_CLASS = YES_ERROR;
				CLANG_WARN_UNREACHABLE_CODE = YES;
				CLANG_WARN__DUPLICATE_METHOD_MATCH = YES;
				"CODE_SIGN_IDENTITY[sdk=iphoneos*]" = "iPhone Developer";
				COPY_PHASE_STRIP = NO;
				ENABLE_NS_ASSERTIONS = NO;
				ENABLE_STRICT_OBJC_MSGSEND = YES;
				GCC_C_LANGUAGE_STANDARD = gnu99;
				GCC_WARN_64_TO_32_BIT_CONVERSION = YES;
				GCC_WARN_ABOUT_RETURN_TYPE = YES_ERROR;
				GCC_WARN_UNDECLARED_SELECTOR = YES;
				GCC_WARN_UNINITIALIZED_AUTOS = YES_AGGRESSIVE;
				GCC_WARN_UNUSED_FUNCTION = YES;
				GCC_WARN_UNUSED_VARIABLE = YES;
				IPHONEOS_DEPLOYMENT_TARGET = 8.2;
				MTL_ENABLE_DEBUG_INFO = NO;
				SDKROOT = iphoneos;
				VALIDATE_PRODUCT = YES;
			};
			name = Release;
		};
		7E2D860F1AE95B290098FB5B /* Debug */ = {
			isa = XCBuildConfiguration;
			buildSettings = {
				ASSETCATALOG_COMPILER_APPICON_NAME = AppIcon;
				INFOPLIST_FILE = UnitsConverter/Info.plist;
				LD_RUNPATH_SEARCH_PATHS = "$(inherited) @executable_path/Frameworks";
				PRODUCT_NAME = "$(TARGET_NAME)";
			};
			name = Debug;
		};
		7E2D86101AE95B290098FB5B /* Release */ = {
			isa = XCBuildConfiguration;
			buildSettings = {
				ASSETCATALOG_COMPILER_APPICON_NAME = AppIcon;
				INFOPLIST_FILE = UnitsConverter/Info.plist;
				LD_RUNPATH_SEARCH_PATHS = "$(inherited) @executable_path/Frameworks";
				PRODUCT_NAME = "$(TARGET_NAME)";
			};
			name = Release;
		};
		7E2D86121AE95B290098FB5B /* Debug */ = {
			isa = XCBuildConfiguration;
			buildSettings = {
				BUNDLE_LOADER = "$(TEST_HOST)";
				FRAMEWORK_SEARCH_PATHS = (
					"$(SDKROOT)/Developer/Library/Frameworks",
					"$(inherited)",
				);
				GCC_PREPROCESSOR_DEFINITIONS = (
					"DEBUG=1",
					"$(inherited)",
				);
				INFOPLIST_FILE = UnitsConverterTests/Info.plist;
				LD_RUNPATH_SEARCH_PATHS = "$(inherited) @executable_path/Frameworks @loader_path/Frameworks";
				PRODUCT_NAME = "$(TARGET_NAME)";
				TEST_HOST = "$(BUILT_PRODUCTS_DIR)/UnitsConverter.app/UnitsConverter";
			};
			name = Debug;
		};
		7E2D86131AE95B290098FB5B /* Release */ = {
			isa = XCBuildConfiguration;
			buildSettings = {
				BUNDLE_LOADER = "$(TEST_HOST)";
				FRAMEWORK_SEARCH_PATHS = (
					"$(SDKROOT)/Developer/Library/Frameworks",
					"$(inherited)",
				);
				INFOPLIST_FILE = UnitsConverterTests/Info.plist;
				LD_RUNPATH_SEARCH_PATHS = "$(inherited) @executable_path/Frameworks @loader_path/Frameworks";
				PRODUCT_NAME = "$(TARGET_NAME)";
				TEST_HOST = "$(BUILT_PRODUCTS_DIR)/UnitsConverter.app/UnitsConverter";
			};
			name = Release;
		};
/* End XCBuildConfiguration section */

/* Begin XCConfigurationList section */
		7E2D85E61AE95B290098FB5B /* Build configuration list for PBXProject "UnitsConverter" */ = {
			isa = XCConfigurationList;
			buildConfigurations = (
				7E2D860C1AE95B290098FB5B /* Debug */,
				7E2D860D1AE95B290098FB5B /* Release */,
			);
			defaultConfigurationIsVisible = 0;
			defaultConfigurationName = Release;
		};
		7E2D860E1AE95B290098FB5B /* Build configuration list for PBXNativeTarget "UnitsConverter" */ = {
			isa = XCConfigurationList;
			buildConfigurations = (
				7E2D860F1AE95B290098FB5B /* Debug */,
				7E2D86101AE95B290098FB5B /* Release */,
			);
			defaultConfigurationIsVisible = 0;
		};
		7E2D86111AE95B290098FB5B /* Build configuration list for PBXNativeTarget "UnitsConverterTests" */ = {
			isa = XCConfigurationList;
			buildConfigurations = (
				7E2D86121AE95B290098FB5B /* Debug */,
				7E2D86131AE95B290098FB5B /* Release */,
			);
			defaultConfigurationIsVisible = 0;
		};
/* End XCConfigurationList section */
	};
	rootObject = 7E2D85E31AE95B290098FB5B /* Project object */;
}
